
Microsoft Visual Studio Solution File, Format Version 12.00
# Visual Studio Version 17
VisualStudioVersion = 17.9.34714.143
MinimumVisualStudioVersion = 10.0.40219.1
Project("{9A19103F-16F7-4668-BE54-9A1E7A4F7556}") = "Showcase-Contactpagina", "Showcase-Contactpagina\Showcase-Contactpagina.csproj", "{442F7FEF-5A3C-4BDB-920D-D706541F3C1A}"
	ProjectSection(ProjectDependencies) = postProject
		{8DE87DC2-A512-4B8B-9DBC-181FA266DF79} = {8DE87DC2-A512-4B8B-9DBC-181FA266DF79}
	EndProjectSection
EndProject
Project("{9A19103F-16F7-4668-BE54-9A1E7A4F7556}") = "ShowcaseAPI", "ShowcaseAPI\ShowcaseAPI.csproj", "{8DE87DC2-A512-4B8B-9DBC-181FA266DF79}"
EndProject
Global
	GlobalSection(SolutionConfigurationPlatforms) = preSolution
		Debug|Any CPU = Debug|Any CPU
		Release|Any CPU = Release|Any CPU
	EndGlobalSection
	GlobalSection(ProjectConfigurationPlatforms) = postSolution
		{442F7FEF-5A3C-4BDB-920D-D706541F3C1A}.Debug|Any CPU.ActiveCfg = Debug|Any CPU
		{442F7FEF-5A3C-4BDB-920D-D706541F3C1A}.Debug|Any CPU.Build.0 = Debug|Any CPU
		{442F7FEF-5A3C-4BDB-920D-D706541F3C1A}.Release|Any CPU.ActiveCfg = Release|Any CPU
		{442F7FEF-5A3C-4BDB-920D-D706541F3C1A}.Release|Any CPU.Build.0 = Release|Any CPU
		{8DE87DC2-A512-4B8B-9DBC-181FA266DF79}.Debug|Any CPU.ActiveCfg = Debug|Any CPU
		{8DE87DC2-A512-4B8B-9DBC-181FA266DF79}.Debug|Any CPU.Build.0 = Debug|Any CPU
		{8DE87DC2-A512-4B8B-9DBC-181FA266DF79}.Release|Any CPU.ActiveCfg = Release|Any CPU
		{8DE87DC2-A512-4B8B-9DBC-181FA266DF79}.Release|Any CPU.Build.0 = Release|Any CPU
	EndGlobalSection
	GlobalSection(SolutionProperties) = preSolution
		HideSolutionNode = FALSE
	EndGlobalSection
	GlobalSection(ExtensibilityGlobals) = postSolution
		SolutionGuid = {9BD41BB2-4AA3-4348-A917-6A3430B4C780}
	EndGlobalSection
EndGlobal
